
Microsoft Visual Studio Solution File, Format Version 12.00
# Visual Studio 15
VisualStudioVersion = 15.0.28307.539
MinimumVisualStudioVersion = 10.0.40219.1
Project("{FAE04EC0-301F-11D3-BF4B-00C04F79EFBC}") = "U2UConsult.DemoClaimProvider", "U2UConsult.DemoClaimProvider.csproj", "{4609C4DF-E6BA-43BB-AA91-67CB73CBF3E2}"
EndProject
Global
	GlobalSection(SolutionConfigurationPlatforms) = preSolution
		Debug|Any CPU = Debug|Any CPU
		Release|Any CPU = Release|Any CPU
	EndGlobalSection
	GlobalSection(ProjectConfigurationPlatforms) = postSolution
		{4609C4DF-E6BA-43BB-AA91-67CB73CBF3E2}.Debug|Any CPU.ActiveCfg = Debug|Any CPU
		{4609C4DF-E6BA-43BB-AA91-67CB73CBF3E2}.Debug|Any CPU.Build.0 = Debug|Any CPU
		{4609C4DF-E6BA-43BB-AA91-67CB73CBF3E2}.Release|Any CPU.ActiveCfg = Release|Any CPU
		{4609C4DF-E6BA-43BB-AA91-67CB73CBF3E2}.Release|Any CPU.Build.0 = Release|Any CPU
	EndGlobalSection
	GlobalSection(SolutionProperties) = preSolution
		HideSolutionNode = FALSE
	EndGlobalSection
	GlobalSection(ExtensibilityGlobals) = postSolution
		SolutionGuid = {89D89AA8-D5C9-4602-B20C-82D6B8A81AD0}
	EndGlobalSection
EndGlobal
